
Microsoft Visual Studio Solution File, Format Version 12.00
# Visual Studio Version 17
VisualStudioVersion = 17.14.36221.1
MinimumVisualStudioVersion = 10.0.40219.1
Project("{2150E333-8FDC-42A3-9474-1A3956D46DE8}") = "Domain", "Domain", "{36D591C7-65C7-A0D1-1CBC-10CDE441BDC8}"
EndProject
Project("{FAE04EC0-301F-11D3-BF4B-00C04F79EFBC}") = "Domain", "Domain\Domain.csproj", "{2CAE9EF1-30E4-4A6D-B020-89809FAEAF4D}"
EndProject
Project("{2150E333-8FDC-42A3-9474-1A3956D46DE8}") = "Api", "Api", "{81ED9010-D0DB-48DD-BD16-C15EDFB558F3}"
EndProject
Project("{FAE04EC0-301F-11D3-BF4B-00C04F79EFBC}") = "Api", "Api\Api.csproj", "{B26FA58F-5B20-4C18-8F25-F8666781A5B1}"
	ProjectSection(ProjectDependencies) = postProject
		{1D7484A8-46EC-4D14-BEDD-3B6CD07B81B8} = {1D7484A8-46EC-4D14-BEDD-3B6CD07B81B8}
		{2CAE9EF1-30E4-4A6D-B020-89809FAEAF4D} = {2CAE9EF1-30E4-4A6D-B020-89809FAEAF4D}
	EndProjectSection
EndProject
Project("{2150E333-8FDC-42A3-9474-1A3956D46DE8}") = "Keycloak", "Keycloak", "{BB44573D-2234-4797-A9DC-E6389AC34FBA}"
EndProject
Project("{FAE04EC0-301F-11D3-BF4B-00C04F79EFBC}") = "Keycloak", "Keycloak\Keycloak.csproj", "{6B9BF9FA-A393-4630-8EB9-CC018EFA91DB}"
	ProjectSection(ProjectDependencies) = postProject
		{23100254-B7E4-4B4E-A0C4-F0C0D10EAFBB} = {23100254-B7E4-4B4E-A0C4-F0C0D10EAFBB}
	EndProjectSection
EndProject
Project("{2150E333-8FDC-42A3-9474-1A3956D46DE8}") = "Core", "Core", "{A643E59A-B042-4EF0-8474-E709FCF4F5D7}"
EndProject
Project("{FAE04EC0-301F-11D3-BF4B-00C04F79EFBC}") = "Core", "Core\Core.csproj", "{23100254-B7E4-4B4E-A0C4-F0C0D10EAFBB}"
EndProject
Project("{2150E333-8FDC-42A3-9474-1A3956D46DE8}") = "Application", "Application", "{238EA278-31EF-4191-AD41-04160ABC0D96}"
EndProject
Project("{FAE04EC0-301F-11D3-BF4B-00C04F79EFBC}") = "Application", "Application\Application.csproj", "{1D7484A8-46EC-4D14-BEDD-3B6CD07B81B8}"
	ProjectSection(ProjectDependencies) = postProject
		{23100254-B7E4-4B4E-A0C4-F0C0D10EAFBB} = {23100254-B7E4-4B4E-A0C4-F0C0D10EAFBB}
		{6B9BF9FA-A393-4630-8EB9-CC018EFA91DB} = {6B9BF9FA-A393-4630-8EB9-CC018EFA91DB}
	EndProjectSection
EndProject
Global
	GlobalSection(SolutionConfigurationPlatforms) = preSolution
		Debug|Any CPU = Debug|Any CPU
		Release|Any CPU = Release|Any CPU
	EndGlobalSection
	GlobalSection(ProjectConfigurationPlatforms) = postSolution
		{2CAE9EF1-30E4-4A6D-B020-89809FAEAF4D}.Debug|Any CPU.ActiveCfg = Debug|Any CPU
		{2CAE9EF1-30E4-4A6D-B020-89809FAEAF4D}.Debug|Any CPU.Build.0 = Debug|Any CPU
		{2CAE9EF1-30E4-4A6D-B020-89809FAEAF4D}.Release|Any CPU.ActiveCfg = Release|Any CPU
		{2CAE9EF1-30E4-4A6D-B020-89809FAEAF4D}.Release|Any CPU.Build.0 = Release|Any CPU
		{B26FA58F-5B20-4C18-8F25-F8666781A5B1}.Debug|Any CPU.ActiveCfg = Debug|Any CPU
		{B26FA58F-5B20-4C18-8F25-F8666781A5B1}.Debug|Any CPU.Build.0 = Debug|Any CPU
		{B26FA58F-5B20-4C18-8F25-F8666781A5B1}.Release|Any CPU.ActiveCfg = Release|Any CPU
		{B26FA58F-5B20-4C18-8F25-F8666781A5B1}.Release|Any CPU.Build.0 = Release|Any CPU
		{6B9BF9FA-A393-4630-8EB9-CC018EFA91DB}.Debug|Any CPU.ActiveCfg = Debug|Any CPU
		{6B9BF9FA-A393-4630-8EB9-CC018EFA91DB}.Debug|Any CPU.Build.0 = Debug|Any CPU
		{6B9BF9FA-A393-4630-8EB9-CC018EFA91DB}.Release|Any CPU.ActiveCfg = Release|Any CPU
		{6B9BF9FA-A393-4630-8EB9-CC018EFA91DB}.Release|Any CPU.Build.0 = Release|Any CPU
		{23100254-B7E4-4B4E-A0C4-F0C0D10EAFBB}.Debug|Any CPU.ActiveCfg = Debug|Any CPU
		{23100254-B7E4-4B4E-A0C4-F0C0D10EAFBB}.Debug|Any CPU.Build.0 = Debug|Any CPU
		{23100254-B7E4-4B4E-A0C4-F0C0D10EAFBB}.Release|Any CPU.ActiveCfg = Release|Any CPU
		{23100254-B7E4-4B4E-A0C4-F0C0D10EAFBB}.Release|Any CPU.Build.0 = Release|Any CPU
		{1D7484A8-46EC-4D14-BEDD-3B6CD07B81B8}.Debug|Any CPU.ActiveCfg = Debug|Any CPU
		{1D7484A8-46EC-4D14-BEDD-3B6CD07B81B8}.Debug|Any CPU.Build.0 = Debug|Any CPU
		{1D7484A8-46EC-4D14-BEDD-3B6CD07B81B8}.Release|Any CPU.ActiveCfg = Release|Any CPU
		{1D7484A8-46EC-4D14-BEDD-3B6CD07B81B8}.Release|Any CPU.Build.0 = Release|Any CPU
	EndGlobalSection
	GlobalSection(SolutionProperties) = preSolution
		HideSolutionNode = FALSE
	EndGlobalSection
	GlobalSection(NestedProjects) = preSolution
		{2CAE9EF1-30E4-4A6D-B020-89809FAEAF4D} = {36D591C7-65C7-A0D1-1CBC-10CDE441BDC8}
		{B26FA58F-5B20-4C18-8F25-F8666781A5B1} = {81ED9010-D0DB-48DD-BD16-C15EDFB558F3}
		{6B9BF9FA-A393-4630-8EB9-CC018EFA91DB} = {BB44573D-2234-4797-A9DC-E6389AC34FBA}
		{23100254-B7E4-4B4E-A0C4-F0C0D10EAFBB} = {A643E59A-B042-4EF0-8474-E709FCF4F5D7}
		{1D7484A8-46EC-4D14-BEDD-3B6CD07B81B8} = {238EA278-31EF-4191-AD41-04160ABC0D96}
	EndGlobalSection
	GlobalSection(ExtensibilityGlobals) = postSolution
		SolutionGuid = {DA1EC3FB-604D-448B-87C5-77C5A02813F3}
	EndGlobalSection
EndGlobal
